
Microsoft Visual Studio Solution File, Format Version 12.00
# Visual Studio Version 17
VisualStudioVersion = 17.10.34928.147
MinimumVisualStudioVersion = 10.0.40219.1
Project("{FAE04EC0-301F-11D3-BF4B-00C04F79EFBC}") = "Studentaste", "Studentaste\Studentaste.csproj", "{1EB386E9-5CD9-457D-B838-B41951CFF795}"
EndProject
Global
	GlobalSection(SolutionConfigurationPlatforms) = preSolution
		Debug|Any CPU = Debug|Any CPU
		Release|Any CPU = Release|Any CPU
	EndGlobalSection
	GlobalSection(ProjectConfigurationPlatforms) = postSolution
		{1EB386E9-5CD9-457D-B838-B41951CFF795}.Debug|Any CPU.ActiveCfg = Debug|Any CPU
		{1EB386E9-5CD9-457D-B838-B41951CFF795}.Debug|Any CPU.Build.0 = Debug|Any CPU
		{1EB386E9-5CD9-457D-B838-B41951CFF795}.Release|Any CPU.ActiveCfg = Release|Any CPU
		{1EB386E9-5CD9-457D-B838-B41951CFF795}.Release|Any CPU.Build.0 = Release|Any CPU
	EndGlobalSection
	GlobalSection(SolutionProperties) = preSolution
		HideSolutionNode = FALSE
	EndGlobalSection
	GlobalSection(ExtensibilityGlobals) = postSolution
		SolutionGuid = {A97BEAB0-9B41-47E2-963C-01B3DDF3AF0E}
	EndGlobalSection
EndGlobal
